
Microsoft Visual Studio Solution File, Format Version 12.00
# Visual Studio Version 17
VisualStudioVersion = 17.5.33502.453
MinimumVisualStudioVersion = 10.0.40219.1
Project("{FAE04EC0-301F-11D3-BF4B-00C04F79EFBC}") = "BookingApp", "BookingApp\BookingApp.csproj", "{9C5058B2-3256-4393-A185-6266C97AC72B}"
EndProject
Global
	GlobalSection(SolutionConfigurationPlatforms) = preSolution
		Debug|Any CPU = Debug|Any CPU
		Release|Any CPU = Release|Any CPU
	EndGlobalSection
	GlobalSection(ProjectConfigurationPlatforms) = postSolution
		{9C5058B2-3256-4393-A185-6266C97AC72B}.Debug|Any CPU.ActiveCfg = Debug|Any CPU
		{9C5058B2-3256-4393-A185-6266C97AC72B}.Debug|Any CPU.Build.0 = Debug|Any CPU
		{9C5058B2-3256-4393-A185-6266C97AC72B}.Release|Any CPU.ActiveCfg = Release|Any CPU
		{9C5058B2-3256-4393-A185-6266C97AC72B}.Release|Any CPU.Build.0 = Release|Any CPU
	EndGlobalSection
	GlobalSection(SolutionProperties) = preSolution
		HideSolutionNode = FALSE
	EndGlobalSection
	GlobalSection(ExtensibilityGlobals) = postSolution
		SolutionGuid = {A4B5691D-E6ED-4CC8-9F45-8CDA538A8463}
	EndGlobalSection
EndGlobal
